// !$*UTF8*$!
{
	archiveVersion = 1;
	classes = {
	};
	objectVersion = 51;
	objects = {

/* Begin PBXBuildFile section */
		DE35E77A095A947DE61FA53B /* Pods_AnimeShopsTravel.framework in Frameworks */ = {isa = PBXBuildFile; fileRef = 778D8B3153CBE20F39AD8A76 /* Pods_AnimeShopsTravel.framework */; };
		EA06451624E1A6E200E931D6 /* index.html in Resources */ = {isa = PBXBuildFile; fileRef = EA06451524E1A6E200E931D6 /* index.html */; };
		EA17D83724C34604008E65C8 /* MapViewController.swift in Sources */ = {isa = PBXBuildFile; fileRef = EA17D83624C34604008E65C8 /* MapViewController.swift */; };
		EA17D83924C346CF008E65C8 /* MapView.swift in Sources */ = {isa = PBXBuildFile; fileRef = EA17D83824C346CF008E65C8 /* MapView.swift */; };
		EA17D83F24C37164008E65C8 /* ShopPinsData.swift in Sources */ = {isa = PBXBuildFile; fileRef = EA17D83E24C37164008E65C8 /* ShopPinsData.swift */; };
		EA243A6C24C3438B00F6111F /* AppDelegate.swift in Sources */ = {isa = PBXBuildFile; fileRef = EA243A6B24C3438B00F6111F /* AppDelegate.swift */; };
		EA243A6E24C3438B00F6111F /* SceneDelegate.swift in Sources */ = {isa = PBXBuildFile; fileRef = EA243A6D24C3438B00F6111F /* SceneDelegate.swift */; };
		EA243A7324C3438B00F6111F /* Main.storyboard in Resources */ = {isa = PBXBuildFile; fileRef = EA243A7124C3438B00F6111F /* Main.storyboard */; };
		EA243A7624C3438B00F6111F /* AnimeShopsTravel.xcdatamodeld in Sources */ = {isa = PBXBuildFile; fileRef = EA243A7424C3438B00F6111F /* AnimeShopsTravel.xcdatamodeld */; };
		EA243A7824C3438C00F6111F /* Assets.xcassets in Resources */ = {isa = PBXBuildFile; fileRef = EA243A7724C3438C00F6111F /* Assets.xcassets */; };
		EA243A7B24C3438C00F6111F /* LaunchScreen.storyboard in Resources */ = {isa = PBXBuildFile; fileRef = EA243A7924C3438C00F6111F /* LaunchScreen.storyboard */; };
		EA4E61C324D5A5600061892D /* ShopViewController.swift in Sources */ = {isa = PBXBuildFile; fileRef = EA4E61C224D5A5600061892D /* ShopViewController.swift */; };
		EA4F8F3A24CC75C80096E9EE /* ContributionView.swift in Sources */ = {isa = PBXBuildFile; fileRef = EA4F8F3924CC75C80096E9EE /* ContributionView.swift */; };
		EA4F8F3C24CC90940096E9EE /* ContributionViewController.swift in Sources */ = {isa = PBXBuildFile; fileRef = EA4F8F3B24CC90940096E9EE /* ContributionViewController.swift */; };
		EA4F8F4924CD8FF80096E9EE /* GoogleService-Info-9.plist in Resources */ = {isa = PBXBuildFile; fileRef = EA4F8F4824CD8FF80096E9EE /* GoogleService-Info-9.plist */; };
		EA4F8F4B24CD91770096E9EE /* GoogleService-Info.plist in Resources */ = {isa = PBXBuildFile; fileRef = EA4F8F4A24CD91770096E9EE /* GoogleService-Info.plist */; };
		EA53BE3324C9CEB30078669E /* TopView.swift in Sources */ = {isa = PBXBuildFile; fileRef = EA53BE3224C9CEB30078669E /* TopView.swift */; };
		EA53BE3524C9D63F0078669E /* TopViewController.swift in Sources */ = {isa = PBXBuildFile; fileRef = EA53BE3424C9D63F0078669E /* TopViewController.swift */; };
		EA53BE3924C9D8CA0078669E /* LoginView.swift in Sources */ = {isa = PBXBuildFile; fileRef = EA53BE3824C9D8CA0078669E /* LoginView.swift */; };
		EA53BE3B24C9E91A0078669E /* LoginViewController.swift in Sources */ = {isa = PBXBuildFile; fileRef = EA53BE3A24C9E91A0078669E /* LoginViewController.swift */; };
		EA54772D24DF038B00A963EE /* ContributionModel.swift in Sources */ = {isa = PBXBuildFile; fileRef = EA54772924DF038B00A963EE /* ContributionModel.swift */; };
		EA54772E24DF038B00A963EE /* ContentsListModel.swift in Sources */ = {isa = PBXBuildFile; fileRef = EA54772824DF038B00A963EE /* ContentsListModel.swift */; };
		EA54772F24DF038B00A963EE /* AuthModel.swift in Sources */ = {isa = PBXBuildFile; fileRef = EA54772B24DF038B00A963EE /* AuthModel.swift */; };
		EA54773024DF038B00A963EE /* Contents.swift in Sources */ = {isa = PBXBuildFile; fileRef = EA54772724DF038B00A963EE /* Contents.swift */; };
		EA54773124DF038B00A963EE /* AlertCreateView.swift in Sources */ = {isa = PBXBuildFile; fileRef = EA54772C24DF038B00A963EE /* AlertCreateView.swift */; };
		EA54773224DF038B00A963EE /* CustomColor.swift in Sources */ = {isa = PBXBuildFile; fileRef = EA54772A24DF038B00A963EE /* CustomColor.swift */; };
		EA54773724DF0AF200A963EE /* ProfileDataModel.swift in Sources */ = {isa = PBXBuildFile; fileRef = EA54773624DF0AF200A963EE /* ProfileDataModel.swift */; };
		EA54A8A924CF03AE005CDD27 /* SettingView.swift in Sources */ = {isa = PBXBuildFile; fileRef = EA54A8A824CF03AE005CDD27 /* SettingView.swift */; };
		EA54A8AB24CF09CA005CDD27 /* SettingViewController.swift in Sources */ = {isa = PBXBuildFile; fileRef = EA54A8AA24CF09CA005CDD27 /* SettingViewController.swift */; };
		EA55700924D1A97300C86DE3 /* ProfileViewController.swift in Sources */ = {isa = PBXBuildFile; fileRef = EA55700824D1A97300C86DE3 /* ProfileViewController.swift */; };
		EA57918324C42B2000BED8B7 /* WebViewController.swift in Sources */ = {isa = PBXBuildFile; fileRef = EA57918224C42B2000BED8B7 /* WebViewController.swift */; };
		EA5B132624CAA3F700239073 /* SignupView.swift in Sources */ = {isa = PBXBuildFile; fileRef = EA5B132524CAA3F700239073 /* SignupView.swift */; };
		EA5B132824CAAC1200239073 /* SignupViewController.swift in Sources */ = {isa = PBXBuildFile; fileRef = EA5B132724CAAC1200239073 /* SignupViewController.swift */; };
		EA5B132C24CAF24B00239073 /* TabBarViewController.swift in Sources */ = {isa = PBXBuildFile; fileRef = EA5B132B24CAF24B00239073 /* TabBarViewController.swift */; };
		EA5B132E24CB00D800239073 /* AreaViewController.swift in Sources */ = {isa = PBXBuildFile; fileRef = EA5B132D24CB00D800239073 /* AreaViewController.swift */; };
		EA5B133024CB07D200239073 /* AreaShopsData.swift in Sources */ = {isa = PBXBuildFile; fileRef = EA5B132F24CB07D200239073 /* AreaShopsData.swift */; };
		EA5B133324CB0F8900239073 /* WebView.swift in Sources */ = {isa = PBXBuildFile; fileRef = EA5B133224CB0F8900239073 /* WebView.swift */; };
		EA5B133624CB11B100239073 /* TimeLineViewController.swift in Sources */ = {isa = PBXBuildFile; fileRef = EA5B133524CB11B100239073 /* TimeLineViewController.swift */; };
		EA85619D24D406AA004B4C92 /* ProfileView.swift in Sources */ = {isa = PBXBuildFile; fileRef = EA85619C24D406AA004B4C92 /* ProfileView.swift */; };
/* End PBXBuildFile section */

/* Begin PBXFileReference section */
		0AF3E13CEBAF49E877823178 /* Pods-AnimeShopsTravel.release.xcconfig */ = {isa = PBXFileReference; includeInIndex = 1; lastKnownFileType = text.xcconfig; name = "Pods-AnimeShopsTravel.release.xcconfig"; path = "Target Support Files/Pods-AnimeShopsTravel/Pods-AnimeShopsTravel.release.xcconfig"; sourceTree = "<group>"; };
		10FD69648F2CECA02645465A /* Pods-AnimeShopsTravel.debug.xcconfig */ = {isa = PBXFileReference; includeInIndex = 1; lastKnownFileType = text.xcconfig; name = "Pods-AnimeShopsTravel.debug.xcconfig"; path = "Target Support Files/Pods-AnimeShopsTravel/Pods-AnimeShopsTravel.debug.xcconfig"; sourceTree = "<group>"; };
		778D8B3153CBE20F39AD8A76 /* Pods_AnimeShopsTravel.framework */ = {isa = PBXFileReference; explicitFileType = wrapper.framework; includeInIndex = 0; path = Pods_AnimeShopsTravel.framework; sourceTree = BUILT_PRODUCTS_DIR; };
		EA06451524E1A6E200E931D6 /* index.html */ = {isa = PBXFileReference; fileEncoding = 4; lastKnownFileType = text.html; path = index.html; sourceTree = "<group>"; };
		EA17D83624C34604008E65C8 /* MapViewController.swift */ = {isa = PBXFileReference; lastKnownFileType = sourcecode.swift; path = MapViewController.swift; sourceTree = "<group>"; };
		EA17D83824C346CF008E65C8 /* MapView.swift */ = {isa = PBXFileReference; lastKnownFileType = sourcecode.swift; path = MapView.swift; sourceTree = "<group>"; };
		EA17D83E24C37164008E65C8 /* ShopPinsData.swift */ = {isa = PBXFileReference; lastKnownFileType = sourcecode.swift; path = ShopPinsData.swift; sourceTree = "<group>"; };
		EA243A6824C3438B00F6111F /* AnimeShopsTravel.app */ = {isa = PBXFileReference; explicitFileType = wrapper.application; includeInIndex = 0; path = AnimeShopsTravel.app; sourceTree = BUILT_PRODUCTS_DIR; };
		EA243A6B24C3438B00F6111F /* AppDelegate.swift */ = {isa = PBXFileReference; lastKnownFileType = sourcecode.swift; path = AppDelegate.swift; sourceTree = "<group>"; };
		EA243A6D24C3438B00F6111F /* SceneDelegate.swift */ = {isa = PBXFileReference; lastKnownFileType = sourcecode.swift; path = SceneDelegate.swift; sourceTree = "<group>"; };
		EA243A7224C3438B00F6111F /* Base */ = {isa = PBXFileReference; lastKnownFileType = file.storyboard; name = Base; path = Base.lproj/Main.storyboard; sourceTree = "<group>"; };
		EA243A7524C3438B00F6111F /* AnimeShopsTravel.xcdatamodel */ = {isa = PBXFileReference; lastKnownFileType = wrapper.xcdatamodel; path = AnimeShopsTravel.xcdatamodel; sourceTree = "<group>"; };
		EA243A7724C3438C00F6111F /* Assets.xcassets */ = {isa = PBXFileReference; lastKnownFileType = folder.assetcatalog; path = Assets.xcassets; sourceTree = "<group>"; };
		EA243A7A24C3438C00F6111F /* Base */ = {isa = PBXFileReference; lastKnownFileType = file.storyboard; name = Base; path = Base.lproj/LaunchScreen.storyboard; sourceTree = "<group>"; };
		EA243A7C24C3438C00F6111F /* Info.plist */ = {isa = PBXFileReference; lastKnownFileType = text.plist.xml; path = Info.plist; sourceTree = "<group>"; };
		EA4E61C224D5A5600061892D /* ShopViewController.swift */ = {isa = PBXFileReference; lastKnownFileType = sourcecode.swift; path = ShopViewController.swift; sourceTree = "<group>"; };
		EA4F8F3924CC75C80096E9EE /* ContributionView.swift */ = {isa = PBXFileReference; lastKnownFileType = sourcecode.swift; path = ContributionView.swift; sourceTree = "<group>"; };
		EA4F8F3B24CC90940096E9EE /* ContributionViewController.swift */ = {isa = PBXFileReference; lastKnownFileType = sourcecode.swift; path = ContributionViewController.swift; sourceTree = "<group>"; };
		EA4F8F4824CD8FF80096E9EE /* GoogleService-Info-9.plist */ = {isa = PBXFileReference; fileEncoding = 4; lastKnownFileType = text.plist.xml; path = "GoogleService-Info-9.plist"; sourceTree = "<group>"; };
		EA4F8F4A24CD91770096E9EE /* GoogleService-Info.plist */ = {isa = PBXFileReference; fileEncoding = 4; lastKnownFileType = text.plist.xml; path = "GoogleService-Info.plist"; sourceTree = "<group>"; };
		EA53BE3224C9CEB30078669E /* TopView.swift */ = {isa = PBXFileReference; lastKnownFileType = sourcecode.swift; path = TopView.swift; sourceTree = "<group>"; };
		EA53BE3424C9D63F0078669E /* TopViewController.swift */ = {isa = PBXFileReference; lastKnownFileType = sourcecode.swift; path = TopViewController.swift; sourceTree = "<group>"; };
		EA53BE3824C9D8CA0078669E /* LoginView.swift */ = {isa = PBXFileReference; lastKnownFileType = sourcecode.swift; path = LoginView.swift; sourceTree = "<group>"; };
		EA53BE3A24C9E91A0078669E /* LoginViewController.swift */ = {isa = PBXFileReference; lastKnownFileType = sourcecode.swift; path = LoginViewController.swift; sourceTree = "<group>"; };
		EA54772724DF038B00A963EE /* Contents.swift */ = {isa = PBXFileReference; lastKnownFileType = sourcecode.swift; path = Contents.swift; sourceTree = "<group>"; };
		EA54772824DF038B00A963EE /* ContentsListModel.swift */ = {isa = PBXFileReference; lastKnownFileType = sourcecode.swift; path = ContentsListModel.swift; sourceTree = "<group>"; };
		EA54772924DF038B00A963EE /* ContributionModel.swift */ = {isa = PBXFileReference; lastKnownFileType = sourcecode.swift; path = ContributionModel.swift; sourceTree = "<group>"; };
		EA54772A24DF038B00A963EE /* CustomColor.swift */ = {isa = PBXFileReference; lastKnownFileType = sourcecode.swift; path = CustomColor.swift; sourceTree = "<group>"; };
		EA54772B24DF038B00A963EE /* AuthModel.swift */ = {isa = PBXFileReference; lastKnownFileType = sourcecode.swift; path = AuthModel.swift; sourceTree = "<group>"; };
		EA54772C24DF038B00A963EE /* AlertCreateView.swift */ = {isa = PBXFileReference; lastKnownFileType = sourcecode.swift; path = AlertCreateView.swift; sourceTree = "<group>"; };
		EA54773624DF0AF200A963EE /* ProfileDataModel.swift */ = {isa = PBXFileReference; lastKnownFileType = sourcecode.swift; path = ProfileDataModel.swift; sourceTree = "<group>"; };
		EA54A8A824CF03AE005CDD27 /* SettingView.swift */ = {isa = PBXFileReference; lastKnownFileType = sourcecode.swift; path = SettingView.swift; sourceTree = "<group>"; };
		EA54A8AA24CF09CA005CDD27 /* SettingViewController.swift */ = {isa = PBXFileReference; lastKnownFileType = sourcecode.swift; path = SettingViewController.swift; sourceTree = "<group>"; };
		EA55700824D1A97300C86DE3 /* ProfileViewController.swift */ = {isa = PBXFileReference; lastKnownFileType = sourcecode.swift; path = ProfileViewController.swift; sourceTree = "<group>"; };
		EA57918224C42B2000BED8B7 /* WebViewController.swift */ = {isa = PBXFileReference; lastKnownFileType = sourcecode.swift; path = WebViewController.swift; sourceTree = "<group>"; };
		EA5B132524CAA3F700239073 /* SignupView.swift */ = {isa = PBXFileReference; lastKnownFileType = sourcecode.swift; path = SignupView.swift; sourceTree = "<group>"; };
		EA5B132724CAAC1200239073 /* SignupViewController.swift */ = {isa = PBXFileReference; lastKnownFileType = sourcecode.swift; path = SignupViewController.swift; sourceTree = "<group>"; };
		EA5B132B24CAF24B00239073 /* TabBarViewController.swift */ = {isa = PBXFileReference; lastKnownFileType = sourcecode.swift; path = TabBarViewController.swift; sourceTree = "<group>"; };
		EA5B132D24CB00D800239073 /* AreaViewController.swift */ = {isa = PBXFileReference; lastKnownFileType = sourcecode.swift; path = AreaViewController.swift; sourceTree = "<group>"; };
		EA5B132F24CB07D200239073 /* AreaShopsData.swift */ = {isa = PBXFileReference; lastKnownFileType = sourcecode.swift; path = AreaShopsData.swift; sourceTree = "<group>"; };
		EA5B133224CB0F8900239073 /* WebView.swift */ = {isa = PBXFileReference; lastKnownFileType = sourcecode.swift; path = WebView.swift; sourceTree = "<group>"; };
		EA5B133524CB11B100239073 /* TimeLineViewController.swift */ = {isa = PBXFileReference; lastKnownFileType = sourcecode.swift; path = TimeLineViewController.swift; sourceTree = "<group>"; };
		EA85619C24D406AA004B4C92 /* ProfileView.swift */ = {isa = PBXFileReference; lastKnownFileType = sourcecode.swift; path = ProfileView.swift; sourceTree = "<group>"; };
/* End PBXFileReference section */

/* Begin PBXFrameworksBuildPhase section */
		EA243A6524C3438B00F6111F /* Frameworks */ = {
			isa = PBXFrameworksBuildPhase;
			buildActionMask = 2147483647;
			files = (
				DE35E77A095A947DE61FA53B /* Pods_AnimeShopsTravel.framework in Frameworks */,
			);
			runOnlyForDeploymentPostprocessing = 0;
		};
/* End PBXFrameworksBuildPhase section */

/* Begin PBXGroup section */
		3605B9620208C3676766C033 /* Frameworks */ = {
			isa = PBXGroup;
			children = (
				778D8B3153CBE20F39AD8A76 /* Pods_AnimeShopsTravel.framework */,
			);
			name = Frameworks;
			sourceTree = "<group>";
		};
		8A9698C3A0223CE66F3C13A1 /* Pods */ = {
			isa = PBXGroup;
			children = (
				10FD69648F2CECA02645465A /* Pods-AnimeShopsTravel.debug.xcconfig */,
				0AF3E13CEBAF49E877823178 /* Pods-AnimeShopsTravel.release.xcconfig */,
			);
			path = Pods;
			sourceTree = "<group>";
		};
		EA243A5F24C3438B00F6111F = {
			isa = PBXGroup;
			children = (
				EA243A6A24C3438B00F6111F /* AnimeShopsTravel */,
				EA243A6924C3438B00F6111F /* Products */,
				8A9698C3A0223CE66F3C13A1 /* Pods */,
				3605B9620208C3676766C033 /* Frameworks */,
			);
			sourceTree = "<group>";
		};
		EA243A6924C3438B00F6111F /* Products */ = {
			isa = PBXGroup;
			children = (
				EA243A6824C3438B00F6111F /* AnimeShopsTravel.app */,
			);
			name = Products;
			sourceTree = "<group>";
		};
		EA243A6A24C3438B00F6111F /* AnimeShopsTravel */ = {
			isa = PBXGroup;
			children = (
				EA5B133124CB0DB700239073 /* ShopData */,
				EA243A8424C343EF00F6111F /* Model */,
				EA243A8324C343E500F6111F /* Controller */,
				EA243A8224C343DB00F6111F /* View */,
				EA243A6B24C3438B00F6111F /* AppDelegate.swift */,
				EA243A6D24C3438B00F6111F /* SceneDelegate.swift */,
				EA243A7124C3438B00F6111F /* Main.storyboard */,
				EA243A7724C3438C00F6111F /* Assets.xcassets */,
				EA243A7924C3438C00F6111F /* LaunchScreen.storyboard */,
				EA243A7C24C3438C00F6111F /* Info.plist */,
				EA243A7424C3438B00F6111F /* AnimeShopsTravel.xcdatamodeld */,
				EA06451524E1A6E200E931D6 /* index.html */,
				EA4F8F4824CD8FF80096E9EE /* GoogleService-Info-9.plist */,
				EA4F8F4A24CD91770096E9EE /* GoogleService-Info.plist */,
			);
			path = AnimeShopsTravel;
			sourceTree = "<group>";
		};
		EA243A8224C343DB00F6111F /* View */ = {
			isa = PBXGroup;
			children = (
				EA53BE3224C9CEB30078669E /* TopView.swift */,
				EA53BE3824C9D8CA0078669E /* LoginView.swift */,
				EA5B132524CAA3F700239073 /* SignupView.swift */,
				EA17D83824C346CF008E65C8 /* MapView.swift */,
				EA5B133224CB0F8900239073 /* WebView.swift */,
				EA4F8F3924CC75C80096E9EE /* ContributionView.swift */,
				EA54A8A824CF03AE005CDD27 /* SettingView.swift */,
				EA85619C24D406AA004B4C92 /* ProfileView.swift */,
			);
			path = View;
			sourceTree = "<group>";
		};
		EA243A8324C343E500F6111F /* Controller */ = {
			isa = PBXGroup;
			children = (
				EA53BE3424C9D63F0078669E /* TopViewController.swift */,
				EA53BE3A24C9E91A0078669E /* LoginViewController.swift */,
				EA5B132724CAAC1200239073 /* SignupViewController.swift */,
				EA5B132B24CAF24B00239073 /* TabBarViewController.swift */,
				EA17D83624C34604008E65C8 /* MapViewController.swift */,
				EA5B132D24CB00D800239073 /* AreaViewController.swift */,
				EA4E61C224D5A5600061892D /* ShopViewController.swift */,
				EA57918224C42B2000BED8B7 /* WebViewController.swift */,
				EA5B133524CB11B100239073 /* TimeLineViewController.swift */,
				EA4F8F3B24CC90940096E9EE /* ContributionViewController.swift */,
				EA54A8AA24CF09CA005CDD27 /* SettingViewController.swift */,
				EA55700824D1A97300C86DE3 /* ProfileViewController.swift */,
			);
			path = Controller;
			sourceTree = "<group>";
		};
		EA243A8424C343EF00F6111F /* Model */ = {
			isa = PBXGroup;
			children = (
				EA54772C24DF038B00A963EE /* AlertCreateView.swift */,
				EA54772B24DF038B00A963EE /* AuthModel.swift */,
				EA54772724DF038B00A963EE /* Contents.swift */,
				EA54772824DF038B00A963EE /* ContentsListModel.swift */,
				EA54772924DF038B00A963EE /* ContributionModel.swift */,
				EA54772A24DF038B00A963EE /* CustomColor.swift */,
				EA54773624DF0AF200A963EE /* ProfileDataModel.swift */,
			);
			path = Model;
			sourceTree = "<group>";
		};
		EA5B133124CB0DB700239073 /* ShopData */ = {
			isa = PBXGroup;
			children = (
				EA5B132F24CB07D200239073 /* AreaShopsData.swift */,
				EA17D83E24C37164008E65C8 /* ShopPinsData.swift */,
			);
			path = ShopData;
			sourceTree = "<group>";
		};
/* End PBXGroup section */

/* Begin PBXNativeTarget section */
		EA243A6724C3438B00F6111F /* AnimeShopsTravel */ = {
			isa = PBXNativeTarget;
			buildConfigurationList = EA243A7F24C3438C00F6111F /* Build configuration list for PBXNativeTarget "AnimeShopsTravel" */;
			buildPhases = (
				260FB2428DA5202146D74F73 /* [CP] Check Pods Manifest.lock */,
				EA243A6424C3438B00F6111F /* Sources */,
				EA243A6524C3438B00F6111F /* Frameworks */,
				EA243A6624C3438B00F6111F /* Resources */,
				AC3367FC06E21472DD340A90 /* [CP] Embed Pods Frameworks */,
			);
			buildRules = (
			);
			dependencies = (
			);
			name = AnimeShopsTravel;
			productName = AnimeShopsTravel;
			productReference = EA243A6824C3438B00F6111F /* AnimeShopsTravel.app */;
			productType = "com.apple.product-type.application";
		};
/* End PBXNativeTarget section */

/* Begin PBXProject section */
		EA243A6024C3438B00F6111F /* Project object */ = {
			isa = PBXProject;
			attributes = {
				LastSwiftUpdateCheck = 1150;
				LastUpgradeCheck = 1150;
				ORGANIZATIONNAME = "yuma yada";
				TargetAttributes = {
					EA243A6724C3438B00F6111F = {
						CreatedOnToolsVersion = 11.5;
					};
				};
			};
			buildConfigurationList = EA243A6324C3438B00F6111F /* Build configuration list for PBXProject "AnimeShopsTravel" */;
			compatibilityVersion = "Xcode 9.3";
			developmentRegion = en;
			hasScannedForEncodings = 0;
			knownRegions = (
				en,
				Base,
			);
			mainGroup = EA243A5F24C3438B00F6111F;
			productRefGroup = EA243A6924C3438B00F6111F /* Products */;
			projectDirPath = "";
			projectRoot = "";
			targets = (
				EA243A6724C3438B00F6111F /* AnimeShopsTravel */,
			);
		};
/* End PBXProject section */

/* Begin PBXResourcesBuildPhase section */
		EA243A6624C3438B00F6111F /* Resources */ = {
			isa = PBXResourcesBuildPhase;
			buildActionMask = 2147483647;
			files = (
				EA4F8F4B24CD91770096E9EE /* GoogleService-Info.plist in Resources */,
				EA243A7B24C3438C00F6111F /* LaunchScreen.storyboard in Resources */,
				EA4F8F4924CD8FF80096E9EE /* GoogleService-Info-9.plist in Resources */,
				EA06451624E1A6E200E931D6 /* index.html in Resources */,
				EA243A7824C3438C00F6111F /* Assets.xcassets in Resources */,
				EA243A7324C3438B00F6111F /* Main.storyboard in Resources */,
			);
			runOnlyForDeploymentPostprocessing = 0;
		};
/* End PBXResourcesBuildPhase section */

/* Begin PBXShellScriptBuildPhase section */
		260FB2428DA5202146D74F73 /* [CP] Check Pods Manifest.lock */ = {
			isa = PBXShellScriptBuildPhase;
			buildActionMask = 2147483647;
			files = (
			);
			inputFileListPaths = (
			);
			inputPaths = (
				"${PODS_PODFILE_DIR_PATH}/Podfile.lock",
				"${PODS_ROOT}/Manifest.lock",
			);
			name = "[CP] Check Pods Manifest.lock";
			outputFileListPaths = (
			);
			outputPaths = (
				"$(DERIVED_FILE_DIR)/Pods-AnimeShopsTravel-checkManifestLockResult.txt",
			);
			runOnlyForDeploymentPostprocessing = 0;
			shellPath = /bin/sh;
			shellScript = "diff \"${PODS_PODFILE_DIR_PATH}/Podfile.lock\" \"${PODS_ROOT}/Manifest.lock\" > /dev/null\nif [ $? != 0 ] ; then\n    # print error to STDERR\n    echo \"error: The sandbox is not in sync with the Podfile.lock. Run 'pod install' or update your CocoaPods installation.\" >&2\n    exit 1\nfi\n# This output is used by Xcode 'outputs' to avoid re-running this script phase.\necho \"SUCCESS\" > \"${SCRIPT_OUTPUT_FILE_0}\"\n";
			showEnvVarsInLog = 0;
		};
		AC3367FC06E21472DD340A90 /* [CP] Embed Pods Frameworks */ = {
			isa = PBXShellScriptBuildPhase;
			buildActionMask = 2147483647;
			files = (
			);
			inputFileListPaths = (
				"${PODS_ROOT}/Target Support Files/Pods-AnimeShopsTravel/Pods-AnimeShopsTravel-frameworks-${CONFIGURATION}-input-files.xcfilelist",
			);
			name = "[CP] Embed Pods Frameworks";
			outputFileListPaths = (
				"${PODS_ROOT}/Target Support Files/Pods-AnimeShopsTravel/Pods-AnimeShopsTravel-frameworks-${CONFIGURATION}-output-files.xcfilelist",
			);
			runOnlyForDeploymentPostprocessing = 0;
			shellPath = /bin/sh;
			shellScript = "\"${PODS_ROOT}/Target Support Files/Pods-AnimeShopsTravel/Pods-AnimeShopsTravel-frameworks.sh\"\n";
			showEnvVarsInLog = 0;
		};
/* End PBXShellScriptBuildPhase section */

/* Begin PBXSourcesBuildPhase section */
		EA243A6424C3438B00F6111F /* Sources */ = {
			isa = PBXSourcesBuildPhase;
			buildActionMask = 2147483647;
			files = (
				EA53BE3B24C9E91A0078669E /* LoginViewController.swift in Sources */,
				EA5B133324CB0F8900239073 /* WebView.swift in Sources */,
				EA4E61C324D5A5600061892D /* ShopViewController.swift in Sources */,
				EA5B133624CB11B100239073 /* TimeLineViewController.swift in Sources */,
				EA243A6C24C3438B00F6111F /* AppDelegate.swift in Sources */,
				EA57918324C42B2000BED8B7 /* WebViewController.swift in Sources */,
				EA54A8AB24CF09CA005CDD27 /* SettingViewController.swift in Sources */,
				EA4F8F3C24CC90940096E9EE /* ContributionViewController.swift in Sources */,
				EA243A7624C3438B00F6111F /* AnimeShopsTravel.xcdatamodeld in Sources */,
				EA54772F24DF038B00A963EE /* AuthModel.swift in Sources */,
				EA53BE3524C9D63F0078669E /* TopViewController.swift in Sources */,
				EA54773024DF038B00A963EE /* Contents.swift in Sources */,
				EA5B132E24CB00D800239073 /* AreaViewController.swift in Sources */,
				EA54773724DF0AF200A963EE /* ProfileDataModel.swift in Sources */,
				EA55700924D1A97300C86DE3 /* ProfileViewController.swift in Sources */,
				EA17D83F24C37164008E65C8 /* ShopPinsData.swift in Sources */,
				EA54772E24DF038B00A963EE /* ContentsListModel.swift in Sources */,
				EA17D83924C346CF008E65C8 /* MapView.swift in Sources */,
				EA5B132C24CAF24B00239073 /* TabBarViewController.swift in Sources */,
				EA54772D24DF038B00A963EE /* ContributionModel.swift in Sources */,
				EA5B132624CAA3F700239073 /* SignupView.swift in Sources */,
				EA5B132824CAAC1200239073 /* SignupViewController.swift in Sources */,
				EA54773124DF038B00A963EE /* AlertCreateView.swift in Sources */,
				EA243A6E24C3438B00F6111F /* SceneDelegate.swift in Sources */,
				EA53BE3924C9D8CA0078669E /* LoginView.swift in Sources */,
				EA53BE3324C9CEB30078669E /* TopView.swift in Sources */,
				EA5B133024CB07D200239073 /* AreaShopsData.swift in Sources */,
				EA85619D24D406AA004B4C92 /* ProfileView.swift in Sources */,
				EA4F8F3A24CC75C80096E9EE /* ContributionView.swift in Sources */,
				EA17D83724C34604008E65C8 /* MapViewController.swift in Sources */,
				EA54A8A924CF03AE005CDD27 /* SettingView.swift in Sources */,
				EA54773224DF038B00A963EE /* CustomColor.swift in Sources */,
			);
			runOnlyForDeploymentPostprocessing = 0;
		};
/* End PBXSourcesBuildPhase section */

/* Begin PBXVariantGroup section */
		EA243A7124C3438B00F6111F /* Main.storyboard */ = {
			isa = PBXVariantGroup;
			children = (
				EA243A7224C3438B00F6111F /* Base */,
			);
			name = Main.storyboard;
			sourceTree = "<group>";
		};
		EA243A7924C3438C00F6111F /* LaunchScreen.storyboard */ = {
			isa = PBXVariantGroup;
			children = (
				EA243A7A24C3438C00F6111F /* Base */,
			);
			name = LaunchScreen.storyboard;
			sourceTree = "<group>";
		};
/* End PBXVariantGroup section */

/* Begin XCBuildConfiguration section */
		EA243A7D24C3438C00F6111F /* Debug */ = {
			isa = XCBuildConfiguration;
			buildSettings = {
				ALWAYS_SEARCH_USER_PATHS = NO;
				CLANG_ANALYZER_NONNULL = YES;
				CLANG_ANALYZER_NUMBER_OBJECT_CONVERSION = YES_AGGRESSIVE;
				CLANG_CXX_LANGUAGE_STANDARD = "gnu++14";
				CLANG_CXX_LIBRARY = "libc++";
				CLANG_ENABLE_MODULES = YES;
				CLANG_ENABLE_OBJC_ARC = YES;
				CLANG_ENABLE_OBJC_WEAK = YES;
				CLANG_WARN_BLOCK_CAPTURE_AUTORELEASING = YES;
				CLANG_WARN_BOOL_CONVERSION = YES;
				CLANG_WARN_COMMA = YES;
				CLANG_WARN_CONSTANT_CONVERSION = YES;
				CLANG_WARN_DEPRECATED_OBJC_IMPLEMENTATIONS = YES;
				CLANG_WARN_DIRECT_OBJC_ISA_USAGE = YES_ERROR;
				CLANG_WARN_DOCUMENTATION_COMMENTS = YES;
				CLANG_WARN_EMPTY_BODY = YES;
				CLANG_WARN_ENUM_CONVERSION = YES;
				CLANG_WARN_INFINITE_RECURSION = YES;
				CLANG_WARN_INT_CONVERSION = YES;
				CLANG_WARN_NON_LITERAL_NULL_CONVERSION = YES;
				CLANG_WARN_OBJC_IMPLICIT_RETAIN_SELF = YES;
				CLANG_WARN_OBJC_LITERAL_CONVERSION = YES;
				CLANG_WARN_OBJC_ROOT_CLASS = YES_ERROR;
				CLANG_WARN_RANGE_LOOP_ANALYSIS = YES;
				CLANG_WARN_STRICT_PROTOTYPES = YES;
				CLANG_WARN_SUSPICIOUS_MOVE = YES;
				CLANG_WARN_UNGUARDED_AVAILABILITY = YES_AGGRESSIVE;
				CLANG_WARN_UNREACHABLE_CODE = YES;
				CLANG_WARN__DUPLICATE_METHOD_MATCH = YES;
				COPY_PHASE_STRIP = NO;
				DEBUG_INFORMATION_FORMAT = dwarf;
				ENABLE_STRICT_OBJC_MSGSEND = YES;
				ENABLE_TESTABILITY = YES;
				GCC_C_LANGUAGE_STANDARD = gnu11;
				GCC_DYNAMIC_NO_PIC = NO;
				GCC_NO_COMMON_BLOCKS = YES;
				GCC_OPTIMIZATION_LEVEL = 0;
				GCC_PREPROCESSOR_DEFINITIONS = (
					"DEBUG=1",
					"$(inherited)",
				);
				GCC_WARN_64_TO_32_BIT_CONVERSION = YES;
				GCC_WARN_ABOUT_RETURN_TYPE = YES_ERROR;
				GCC_WARN_UNDECLARED_SELECTOR = YES;
				GCC_WARN_UNINITIALIZED_AUTOS = YES_AGGRESSIVE;
				GCC_WARN_UNUSED_FUNCTION = YES;
				GCC_WARN_UNUSED_VARIABLE = YES;
				IPHONEOS_DEPLOYMENT_TARGET = 13.5;
				MTL_ENABLE_DEBUG_INFO = INCLUDE_SOURCE;
				MTL_FAST_MATH = YES;
				ONLY_ACTIVE_ARCH = YES;
				SDKROOT = iphoneos;
				SWIFT_ACTIVE_COMPILATION_CONDITIONS = DEBUG;
				SWIFT_OPTIMIZATION_LEVEL = "-Onone";
			};
			name = Debug;
		};
		EA243A7E24C3438C00F6111F /* Release */ = {
			isa = XCBuildConfiguration;
			buildSettings = {
				ALWAYS_SEARCH_USER_PATHS = NO;
				CLANG_ANALYZER_NONNULL = YES;
				CLANG_ANALYZER_NUMBER_OBJECT_CONVERSION = YES_AGGRESSIVE;
				CLANG_CXX_LANGUAGE_STANDARD = "gnu++14";
				CLANG_CXX_LIBRARY = "libc++";
				CLANG_ENABLE_MODULES = YES;
				CLANG_ENABLE_OBJC_ARC = YES;
				CLANG_ENABLE_OBJC_WEAK = YES;
				CLANG_WARN_BLOCK_CAPTURE_AUTORELEASING = YES;
				CLANG_WARN_BOOL_CONVERSION = YES;
				CLANG_WARN_COMMA = YES;
				CLANG_WARN_CONSTANT_CONVERSION = YES;
				CLANG_WARN_DEPRECATED_OBJC_IMPLEMENTATIONS = YES;
				CLANG_WARN_DIRECT_OBJC_ISA_USAGE = YES_ERROR;
				CLANG_WARN_DOCUMENTATION_COMMENTS = YES;
				CLANG_WARN_EMPTY_BODY = YES;
				CLANG_WARN_ENUM_CONVERSION = YES;
				CLANG_WARN_INFINITE_RECURSION = YES;
				CLANG_WARN_INT_CONVERSION = YES;
				CLANG_WARN_NON_LITERAL_NULL_CONVERSION = YES;
				CLANG_WARN_OBJC_IMPLICIT_RETAIN_SELF = YES;
				CLANG_WARN_OBJC_LITERAL_CONVERSION = YES;
				CLANG_WARN_OBJC_ROOT_CLASS = YES_ERROR;
				CLANG_WARN_RANGE_LOOP_ANALYSIS = YES;
				CLANG_WARN_STRICT_PROTOTYPES = YES;
				CLANG_WARN_SUSPICIOUS_MOVE = YES;
				CLANG_WARN_UNGUARDED_AVAILABILITY = YES_AGGRESSIVE;
				CLANG_WARN_UNREACHABLE_CODE = YES;
				CLANG_WARN__DUPLICATE_METHOD_MATCH = YES;
				COPY_PHASE_STRIP = NO;
				DEBUG_INFORMATION_FORMAT = "dwarf-with-dsym";
				ENABLE_NS_ASSERTIONS = NO;
				ENABLE_STRICT_OBJC_MSGSEND = YES;
				GCC_C_LANGUAGE_STANDARD = gnu11;
				GCC_NO_COMMON_BLOCKS = YES;
				GCC_WARN_64_TO_32_BIT_CONVERSION = YES;
				GCC_WARN_ABOUT_RETURN_TYPE = YES_ERROR;
				GCC_WARN_UNDECLARED_SELECTOR = YES;
				GCC_WARN_UNINITIALIZED_AUTOS = YES_AGGRESSIVE;
				GCC_WARN_UNUSED_FUNCTION = YES;
				GCC_WARN_UNUSED_VARIABLE = YES;
				IPHONEOS_DEPLOYMENT_TARGET = 13.5;
				MTL_ENABLE_DEBUG_INFO = NO;
				MTL_FAST_MATH = YES;
				SDKROOT = iphoneos;
				SWIFT_COMPILATION_MODE = wholemodule;
				SWIFT_OPTIMIZATION_LEVEL = "-O";
				VALIDATE_PRODUCT = YES;
			};
			name = Release;
		};
		EA243A8024C3438C00F6111F /* Debug */ = {
			isa = XCBuildConfiguration;
			baseConfigurationReference = 10FD69648F2CECA02645465A /* Pods-AnimeShopsTravel.debug.xcconfig */;
			buildSettings = {
				ASSETCATALOG_COMPILER_APPICON_NAME = AppIcon;
				CODE_SIGN_STYLE = Automatic;
				DEVELOPMENT_TEAM = 5ZNBFUQB6Y;
				INFOPLIST_FILE = AnimeShopsTravel/Info.plist;
				LD_RUNPATH_SEARCH_PATHS = (
					"$(inherited)",
					"@executable_path/Frameworks",
				);
				MARKETING_VERSION = 1.0.0;
				PRODUCT_BUNDLE_IDENTIFIER = com.key.AnimeShopsTravel;
				PRODUCT_NAME = "$(TARGET_NAME)";
				SWIFT_VERSION = 5.0;
				TARGETED_DEVICE_FAMILY = 1;
			};
			name = Debug;
		};
		EA243A8124C3438C00F6111F /* Release */ = {
			isa = XCBuildConfiguration;
			baseConfigurationReference = 0AF3E13CEBAF49E877823178 /* Pods-AnimeShopsTravel.release.xcconfig */;
			buildSettings = {
				ASSETCATALOG_COMPILER_APPICON_NAME = AppIcon;
				CODE_SIGN_STYLE = Automatic;
				DEVELOPMENT_TEAM = 5ZNBFUQB6Y;
				INFOPLIST_FILE = AnimeShopsTravel/Info.plist;
				LD_RUNPATH_SEARCH_PATHS = (
					"$(inherited)",
					"@executable_path/Frameworks",
				);
				MARKETING_VERSION = 1.0.0;
				PRODUCT_BUNDLE_IDENTIFIER = com.key.AnimeShopsTravel;
				PRODUCT_NAME = "$(TARGET_NAME)";
				SWIFT_VERSION = 5.0;
				TARGETED_DEVICE_FAMILY = 1;
			};
			name = Release;
		};
/* End XCBuildConfiguration section */

/* Begin XCConfigurationList section */
		EA243A6324C3438B00F6111F /* Build configuration list for PBXProject "AnimeShopsTravel" */ = {
			isa = XCConfigurationList;
			buildConfigurations = (
				EA243A7D24C3438C00F6111F /* Debug */,
				EA243A7E24C3438C00F6111F /* Release */,
			);
			defaultConfigurationIsVisible = 0;
			defaultConfigurationName = Release;
		};
		EA243A7F24C3438C00F6111F /* Build configuration list for PBXNativeTarget "AnimeShopsTravel" */ = {
			isa = XCConfigurationList;
			buildConfigurations = (
				EA243A8024C3438C00F6111F /* Debug */,
				EA243A8124C3438C00F6111F /* Release */,
			);
			defaultConfigurationIsVisible = 0;
			defaultConfigurationName = Release;
		};
/* End XCConfigurationList section */

/* Begin XCVersionGroup section */
		EA243A7424C3438B00F6111F /* AnimeShopsTravel.xcdatamodeld */ = {
			isa = XCVersionGroup;
			children = (
				EA243A7524C3438B00F6111F /* AnimeShopsTravel.xcdatamodel */,
			);
			currentVersion = EA243A7524C3438B00F6111F /* AnimeShopsTravel.xcdatamodel */;
			path = AnimeShopsTravel.xcdatamodeld;
			sourceTree = "<group>";
			versionGroupType = wrapper.xcdatamodel;
		};
/* End XCVersionGroup section */
	};
	rootObject = EA243A6024C3438B00F6111F /* Project object */;
}
